
Microsoft Visual Studio Solution File, Format Version 12.00
# Visual Studio Version 17
VisualStudioVersion = 17.10.34916.146
MinimumVisualStudioVersion = 10.0.40219.1
Project("{FAE04EC0-301F-11D3-BF4B-00C04F79EFBC}") = "LibraryManagementPresentationLayer", "LibraryManagementPresentationLayer.csproj", "{2F1A6EF5-D454-4538-B7E0-C6189296B8B0}"
EndProject
Project("{FAE04EC0-301F-11D3-BF4B-00C04F79EFBC}") = "LibraryManagementBackEndLayer", "..\LibraryManagementBackEndLayer\LibraryManagementBackEndLayer.csproj", "{F2414F46-E06F-4003-BEA8-4E321987E2F6}"
EndProject
Project("{FAE04EC0-301F-11D3-BF4B-00C04F79EFBC}") = "LibraryManagementDataBaseLayer", "..\LibraryManagementDataBaseLayer\LibraryManagementDataBaseLayer.csproj", "{B231DC69-12A4-40BD-8A1E-FDED87B6B375}"
EndProject
Global
	GlobalSection(SolutionConfigurationPlatforms) = preSolution
		Debug|Any CPU = Debug|Any CPU
		Release|Any CPU = Release|Any CPU
	EndGlobalSection
	GlobalSection(ProjectConfigurationPlatforms) = postSolution
		{2F1A6EF5-D454-4538-B7E0-C6189296B8B0}.Debug|Any CPU.ActiveCfg = Debug|Any CPU
		{2F1A6EF5-D454-4538-B7E0-C6189296B8B0}.Debug|Any CPU.Build.0 = Debug|Any CPU
		{2F1A6EF5-D454-4538-B7E0-C6189296B8B0}.Release|Any CPU.ActiveCfg = Release|Any CPU
		{2F1A6EF5-D454-4538-B7E0-C6189296B8B0}.Release|Any CPU.Build.0 = Release|Any CPU
		{F2414F46-E06F-4003-BEA8-4E321987E2F6}.Debug|Any CPU.ActiveCfg = Debug|Any CPU
		{F2414F46-E06F-4003-BEA8-4E321987E2F6}.Debug|Any CPU.Build.0 = Debug|Any CPU
		{F2414F46-E06F-4003-BEA8-4E321987E2F6}.Release|Any CPU.ActiveCfg = Release|Any CPU
		{F2414F46-E06F-4003-BEA8-4E321987E2F6}.Release|Any CPU.Build.0 = Release|Any CPU
		{B231DC69-12A4-40BD-8A1E-FDED87B6B375}.Debug|Any CPU.ActiveCfg = Debug|Any CPU
		{B231DC69-12A4-40BD-8A1E-FDED87B6B375}.Debug|Any CPU.Build.0 = Debug|Any CPU
		{B231DC69-12A4-40BD-8A1E-FDED87B6B375}.Release|Any CPU.ActiveCfg = Release|Any CPU
		{B231DC69-12A4-40BD-8A1E-FDED87B6B375}.Release|Any CPU.Build.0 = Release|Any CPU
	EndGlobalSection
	GlobalSection(SolutionProperties) = preSolution
		HideSolutionNode = FALSE
	EndGlobalSection
	GlobalSection(ExtensibilityGlobals) = postSolution
		SolutionGuid = {583B5A5E-67FF-4F6F-AE49-9367A1B0D134}
	EndGlobalSection
EndGlobal
